
Microsoft Visual Studio Solution File, Format Version 12.00
# Visual Studio Version 16
VisualStudioVersion = 16.0.31402.337
MinimumVisualStudioVersion = 10.0.40219.1
Project("{2150E333-8FDC-42A3-9474-1A3956D46DE8}") = "Services", "Services", "{2B3013CF-128F-4CC9-8AD5-7E9A5F62981A}"
EndProject
Project("{2150E333-8FDC-42A3-9474-1A3956D46DE8}") = "Account", "Account", "{BDA8673C-0A18-4A04-BB7E-23C42CE72B59}"
EndProject
Project("{9A19103F-16F7-4668-BE54-9A1E7A4F7556}") = "Account.Domain", "services\Account\Account.Domain\Account.Domain.csproj", "{3AF5461B-792F-45EE-8EE0-D8A2A8F35997}"
EndProject
Project("{9A19103F-16F7-4668-BE54-9A1E7A4F7556}") = "Account.Domain.Logic", "services\Account\Account.Domain.Logic\Account.Domain.Logic.csproj", "{EAA1278B-E517-47EC-BF79-BE524E12BD55}"
EndProject
Project("{2150E333-8FDC-42A3-9474-1A3956D46DE8}") = "Account.DAL", "Account.DAL", "{225329A8-7C4A-4E59-B4DB-71776119C7A5}"
EndProject
Project("{9A19103F-16F7-4668-BE54-9A1E7A4F7556}") = "Account.DAL.EF", "services\Account\Account.DAL\Account.DAL.EF\Account.DAL.EF.csproj", "{E3A9A494-E945-4DF8-83DB-379197BADED8}"
EndProject
Project("{9A19103F-16F7-4668-BE54-9A1E7A4F7556}") = "Account.API", "services\Account\Account.API\Account.API.csproj", "{601BD1F8-B712-448B-BB20-5189693C7BB8}"
EndProject
Project("{2150E333-8FDC-42A3-9474-1A3956D46DE8}") = "Account.Utilities", "Account.Utilities", "{FF956AA7-581B-479B-84A9-7DDCD321FCEC}"
EndProject
Project("{9A19103F-16F7-4668-BE54-9A1E7A4F7556}") = "Account.PasswordHandling", "services\Account\Account.Utilities\Account.PasswordHandling\Account.PasswordHandling.csproj", "{1CCC75CD-463B-4BA5-AEAF-349E5E39DFFA}"
EndProject
Project("{2150E333-8FDC-42A3-9474-1A3956D46DE8}") = "PostFeedback", "PostFeedback", "{0BCA365D-B509-4FF2-BEE4-78DA69D0956A}"
EndProject
Project("{2150E333-8FDC-42A3-9474-1A3956D46DE8}") = "PostFeedback.DAL", "PostFeedback.DAL", "{3944139A-7205-415B-BCEB-E3E43681D640}"
EndProject
Project("{2150E333-8FDC-42A3-9474-1A3956D46DE8}") = "Integration", "Integration", "{E00A3543-9AC7-4342-BC2C-FC349A8DEE39}"
EndProject
Project("{9A19103F-16F7-4668-BE54-9A1E7A4F7556}") = "EventBus", "integration\EventBus\EventBus.csproj", "{2514A35A-868F-4415-BA33-323AB61A778D}"
EndProject
Project("{9A19103F-16F7-4668-BE54-9A1E7A4F7556}") = "RabbitMQEventBus", "integration\RabbitMQEventBus\RabbitMQEventBus.csproj", "{62962160-49E4-45FC-90BB-025F4BB0D583}"
EndProject
Project("{2150E333-8FDC-42A3-9474-1A3956D46DE8}") = "Booking", "Booking", "{8E3C67AD-9E93-4EE8-B7DB-078348D7EDA4}"
EndProject
Project("{9A19103F-16F7-4668-BE54-9A1E7A4F7556}") = "Booking.Domain", "services\Booking\Booking.Domain\Booking.Domain.csproj", "{70CDF556-FB79-49A0-BB53-5623BAFE91BA}"
EndProject
Project("{9A19103F-16F7-4668-BE54-9A1E7A4F7556}") = "Booking.Domain.Logic", "services\Booking\Booking.Domain.Logic\Booking.Domain.Logic.csproj", "{8D3CE8C3-6C1D-4ED7-AA76-D32952C8598D}"
EndProject
Project("{2150E333-8FDC-42A3-9474-1A3956D46DE8}") = "Booking.DAL", "Booking.DAL", "{99F19DF0-D014-4AFE-AC3F-4A087DDAAB81}"
EndProject
Project("{9A19103F-16F7-4668-BE54-9A1E7A4F7556}") = "Booking.DAL.EF", "services\Booking\Booking.DAL\Booking.DAL.EF\Booking.DAL.EF.csproj", "{F7183308-6CDB-4158-BF1B-ADA1136E5B51}"
EndProject
Project("{9A19103F-16F7-4668-BE54-9A1E7A4F7556}") = "Booking.API", "services\Booking\Booking.API\Booking.API.csproj", "{2A9E53DE-44BD-47A1-B952-8BEF85D290E1}"
EndProject
Project("{2150E333-8FDC-42A3-9474-1A3956D46DE8}") = "Gateway", "Gateway", "{6AF6DB93-53AA-44ED-9A48-ACBFD78394CA}"
EndProject
Project("{9A19103F-16F7-4668-BE54-9A1E7A4F7556}") = "APIGateway", "gateway\APIGateway\APIGateway.csproj", "{E1C21325-7EAB-4D00-85D5-8826364E9678}"
EndProject
Project("{2150E333-8FDC-42A3-9474-1A3956D46DE8}") = "FrontEnd", "FrontEnd", "{E7D698D1-1A0D-4C9C-BD39-FC6E8AFDD0FC}"
EndProject
Project("{9A19103F-16F7-4668-BE54-9A1E7A4F7556}") = "FrontEndApp", "FrontEnd\FrontEndApp\FrontEndApp.csproj", "{9464C0CA-C31F-4FEF-A484-4BE8C9B11870}"
EndProject
Project("{9A19103F-16F7-4668-BE54-9A1E7A4F7556}") = "PostFeedback.DAL.EF", "services\PostFeedback\PostFeedback.DAL\Post.DAL.EF\PostFeedback.DAL.EF.csproj", "{8CD4B0E5-A658-433D-BD72-FDA7D8322076}"
EndProject
Project("{9A19103F-16F7-4668-BE54-9A1E7A4F7556}") = "PostFeedback.API", "services\PostFeedback\PostFeedback.API\PostFeedback.API.csproj", "{61290928-86BF-4128-AF82-2E960CF76CDD}"
EndProject
Project("{9A19103F-16F7-4668-BE54-9A1E7A4F7556}") = "PostFeedback.Domain", "services\PostFeedback\PostFeedback.Domain\PostFeedback.Domain.csproj", "{8A3E9BD9-1840-48E3-9468-DF89FBEB7683}"
EndProject
Project("{9A19103F-16F7-4668-BE54-9A1E7A4F7556}") = "PostFeedback.Domain.Logic", "services\PostFeedback\PostFeedback.Domain.Logic\PostFeedback.Domain.Logic.csproj", "{EAB5BF00-37BC-4E81-8DF7-30DC328460EB}"
EndProject
Project("{2150E333-8FDC-42A3-9474-1A3956D46DE8}") = "BaseLibraries", "BaseLibraries", "{2F368B2E-E5C7-4C6D-AC82-AA72EF2FEB96}"
EndProject
Project("{9A19103F-16F7-4668-BE54-9A1E7A4F7556}") = "DAL.Base", "BaseLibraries\DAL.Base\DAL.Base.csproj", "{28DF96E7-A920-4F3E-96DF-F0C1CAEE93AC}"
EndProject
Project("{9A19103F-16F7-4668-BE54-9A1E7A4F7556}") = "Domain.Logic.Base", "BaseLibraries\Domain.Logic.Base\Domain.Logic.Base.csproj", "{3A3BEAD5-1B8B-4416-B10B-19EEE5FBF92B}"
EndProject
Project("{9A19103F-16F7-4668-BE54-9A1E7A4F7556}") = "Grpc.Base", "BaseLibraries\Grpc.Base\Grpc.Base.csproj", "{A76828A0-71BF-4858-A8CB-C803135E7963}"
EndProject
Project("{E53339B2-1760-4266-BCC7-CA923CBCF16C}") = "docker-compose", "docker-compose.dcproj", "{BDAB62F5-2AF4-4EAE-B234-6CAA0FDEF654}"
EndProject
Project("{2150E333-8FDC-42A3-9474-1A3956D46DE8}") = "Solution Items", "Solution Items", "{C2FF3739-21A6-4225-9195-5B676062FA0A}"
	ProjectSection(SolutionItems) = preProject
		nginx.conf = nginx.conf
		wait-for-it.sh = wait-for-it.sh
	EndProjectSection
EndProject
Global
	GlobalSection(SolutionConfigurationPlatforms) = preSolution
		Debug|Any CPU = Debug|Any CPU
		Release|Any CPU = Release|Any CPU
	EndGlobalSection
	GlobalSection(ProjectConfigurationPlatforms) = postSolution
		{3AF5461B-792F-45EE-8EE0-D8A2A8F35997}.Debug|Any CPU.ActiveCfg = Debug|Any CPU
		{3AF5461B-792F-45EE-8EE0-D8A2A8F35997}.Debug|Any CPU.Build.0 = Debug|Any CPU
		{3AF5461B-792F-45EE-8EE0-D8A2A8F35997}.Release|Any CPU.ActiveCfg = Release|Any CPU
		{3AF5461B-792F-45EE-8EE0-D8A2A8F35997}.Release|Any CPU.Build.0 = Release|Any CPU
		{EAA1278B-E517-47EC-BF79-BE524E12BD55}.Debug|Any CPU.ActiveCfg = Debug|Any CPU
		{EAA1278B-E517-47EC-BF79-BE524E12BD55}.Debug|Any CPU.Build.0 = Debug|Any CPU
		{EAA1278B-E517-47EC-BF79-BE524E12BD55}.Release|Any CPU.ActiveCfg = Release|Any CPU
		{EAA1278B-E517-47EC-BF79-BE524E12BD55}.Release|Any CPU.Build.0 = Release|Any CPU
		{E3A9A494-E945-4DF8-83DB-379197BADED8}.Debug|Any CPU.ActiveCfg = Debug|Any CPU
		{E3A9A494-E945-4DF8-83DB-379197BADED8}.Debug|Any CPU.Build.0 = Debug|Any CPU
		{E3A9A494-E945-4DF8-83DB-379197BADED8}.Release|Any CPU.ActiveCfg = Release|Any CPU
		{E3A9A494-E945-4DF8-83DB-379197BADED8}.Release|Any CPU.Build.0 = Release|Any CPU
		{601BD1F8-B712-448B-BB20-5189693C7BB8}.Debug|Any CPU.ActiveCfg = Debug|Any CPU
		{601BD1F8-B712-448B-BB20-5189693C7BB8}.Debug|Any CPU.Build.0 = Debug|Any CPU
		{601BD1F8-B712-448B-BB20-5189693C7BB8}.Release|Any CPU.ActiveCfg = Release|Any CPU
		{601BD1F8-B712-448B-BB20-5189693C7BB8}.Release|Any CPU.Build.0 = Release|Any CPU
		{1CCC75CD-463B-4BA5-AEAF-349E5E39DFFA}.Debug|Any CPU.ActiveCfg = Debug|Any CPU
		{1CCC75CD-463B-4BA5-AEAF-349E5E39DFFA}.Debug|Any CPU.Build.0 = Debug|Any CPU
		{1CCC75CD-463B-4BA5-AEAF-349E5E39DFFA}.Release|Any CPU.ActiveCfg = Release|Any CPU
		{1CCC75CD-463B-4BA5-AEAF-349E5E39DFFA}.Release|Any CPU.Build.0 = Release|Any CPU
		{2514A35A-868F-4415-BA33-323AB61A778D}.Debug|Any CPU.ActiveCfg = Debug|Any CPU
		{2514A35A-868F-4415-BA33-323AB61A778D}.Debug|Any CPU.Build.0 = Debug|Any CPU
		{2514A35A-868F-4415-BA33-323AB61A778D}.Release|Any CPU.ActiveCfg = Release|Any CPU
		{2514A35A-868F-4415-BA33-323AB61A778D}.Release|Any CPU.Build.0 = Release|Any CPU
		{62962160-49E4-45FC-90BB-025F4BB0D583}.Debug|Any CPU.ActiveCfg = Debug|Any CPU
		{62962160-49E4-45FC-90BB-025F4BB0D583}.Debug|Any CPU.Build.0 = Debug|Any CPU
		{62962160-49E4-45FC-90BB-025F4BB0D583}.Release|Any CPU.ActiveCfg = Release|Any CPU
		{62962160-49E4-45FC-90BB-025F4BB0D583}.Release|Any CPU.Build.0 = Release|Any CPU
		{70CDF556-FB79-49A0-BB53-5623BAFE91BA}.Debug|Any CPU.ActiveCfg = Debug|Any CPU
		{70CDF556-FB79-49A0-BB53-5623BAFE91BA}.Debug|Any CPU.Build.0 = Debug|Any CPU
		{70CDF556-FB79-49A0-BB53-5623BAFE91BA}.Release|Any CPU.ActiveCfg = Release|Any CPU
		{70CDF556-FB79-49A0-BB53-5623BAFE91BA}.Release|Any CPU.Build.0 = Release|Any CPU
		{8D3CE8C3-6C1D-4ED7-AA76-D32952C8598D}.Debug|Any CPU.ActiveCfg = Debug|Any CPU
		{8D3CE8C3-6C1D-4ED7-AA76-D32952C8598D}.Debug|Any CPU.Build.0 = Debug|Any CPU
		{8D3CE8C3-6C1D-4ED7-AA76-D32952C8598D}.Release|Any CPU.ActiveCfg = Release|Any CPU
		{8D3CE8C3-6C1D-4ED7-AA76-D32952C8598D}.Release|Any CPU.Build.0 = Release|Any CPU
		{F7183308-6CDB-4158-BF1B-ADA1136E5B51}.Debug|Any CPU.ActiveCfg = Debug|Any CPU
		{F7183308-6CDB-4158-BF1B-ADA1136E5B51}.Debug|Any CPU.Build.0 = Debug|Any CPU
		{F7183308-6CDB-4158-BF1B-ADA1136E5B51}.Release|Any CPU.ActiveCfg = Release|Any CPU
		{F7183308-6CDB-4158-BF1B-ADA1136E5B51}.Release|Any CPU.Build.0 = Release|Any CPU
		{2A9E53DE-44BD-47A1-B952-8BEF85D290E1}.Debug|Any CPU.ActiveCfg = Debug|Any CPU
		{2A9E53DE-44BD-47A1-B952-8BEF85D290E1}.Debug|Any CPU.Build.0 = Debug|Any CPU
		{2A9E53DE-44BD-47A1-B952-8BEF85D290E1}.Release|Any CPU.ActiveCfg = Release|Any CPU
		{2A9E53DE-44BD-47A1-B952-8BEF85D290E1}.Release|Any CPU.Build.0 = Release|Any CPU
		{E1C21325-7EAB-4D00-85D5-8826364E9678}.Debug|Any CPU.ActiveCfg = Debug|Any CPU
		{E1C21325-7EAB-4D00-85D5-8826364E9678}.Debug|Any CPU.Build.0 = Debug|Any CPU
		{E1C21325-7EAB-4D00-85D5-8826364E9678}.Release|Any CPU.ActiveCfg = Release|Any CPU
		{E1C21325-7EAB-4D00-85D5-8826364E9678}.Release|Any CPU.Build.0 = Release|Any CPU
		{9464C0CA-C31F-4FEF-A484-4BE8C9B11870}.Debug|Any CPU.ActiveCfg = Debug|Any CPU
		{9464C0CA-C31F-4FEF-A484-4BE8C9B11870}.Debug|Any CPU.Build.0 = Debug|Any CPU
		{9464C0CA-C31F-4FEF-A484-4BE8C9B11870}.Release|Any CPU.ActiveCfg = Release|Any CPU
		{9464C0CA-C31F-4FEF-A484-4BE8C9B11870}.Release|Any CPU.Build.0 = Release|Any CPU
		{8CD4B0E5-A658-433D-BD72-FDA7D8322076}.Debug|Any CPU.ActiveCfg = Debug|Any CPU
		{8CD4B0E5-A658-433D-BD72-FDA7D8322076}.Debug|Any CPU.Build.0 = Debug|Any CPU
		{8CD4B0E5-A658-433D-BD72-FDA7D8322076}.Release|Any CPU.ActiveCfg = Release|Any CPU
		{8CD4B0E5-A658-433D-BD72-FDA7D8322076}.Release|Any CPU.Build.0 = Release|Any CPU
		{61290928-86BF-4128-AF82-2E960CF76CDD}.Debug|Any CPU.ActiveCfg = Debug|Any CPU
		{61290928-86BF-4128-AF82-2E960CF76CDD}.Debug|Any CPU.Build.0 = Debug|Any CPU
		{61290928-86BF-4128-AF82-2E960CF76CDD}.Release|Any CPU.ActiveCfg = Release|Any CPU
		{61290928-86BF-4128-AF82-2E960CF76CDD}.Release|Any CPU.Build.0 = Release|Any CPU
		{8A3E9BD9-1840-48E3-9468-DF89FBEB7683}.Debug|Any CPU.ActiveCfg = Debug|Any CPU
		{8A3E9BD9-1840-48E3-9468-DF89FBEB7683}.Debug|Any CPU.Build.0 = Debug|Any CPU
		{8A3E9BD9-1840-48E3-9468-DF89FBEB7683}.Release|Any CPU.ActiveCfg = Release|Any CPU
		{8A3E9BD9-1840-48E3-9468-DF89FBEB7683}.Release|Any CPU.Build.0 = Release|Any CPU
		{EAB5BF00-37BC-4E81-8DF7-30DC328460EB}.Debug|Any CPU.ActiveCfg = Debug|Any CPU
		{EAB5BF00-37BC-4E81-8DF7-30DC328460EB}.Debug|Any CPU.Build.0 = Debug|Any CPU
		{EAB5BF00-37BC-4E81-8DF7-30DC328460EB}.Release|Any CPU.ActiveCfg = Release|Any CPU
		{EAB5BF00-37BC-4E81-8DF7-30DC328460EB}.Release|Any CPU.Build.0 = Release|Any CPU
		{28DF96E7-A920-4F3E-96DF-F0C1CAEE93AC}.Debug|Any CPU.ActiveCfg = Debug|Any CPU
		{28DF96E7-A920-4F3E-96DF-F0C1CAEE93AC}.Debug|Any CPU.Build.0 = Debug|Any CPU
		{28DF96E7-A920-4F3E-96DF-F0C1CAEE93AC}.Release|Any CPU.ActiveCfg = Release|Any CPU
		{28DF96E7-A920-4F3E-96DF-F0C1CAEE93AC}.Release|Any CPU.Build.0 = Release|Any CPU
		{3A3BEAD5-1B8B-4416-B10B-19EEE5FBF92B}.Debug|Any CPU.ActiveCfg = Debug|Any CPU
		{3A3BEAD5-1B8B-4416-B10B-19EEE5FBF92B}.Debug|Any CPU.Build.0 = Debug|Any CPU
		{3A3BEAD5-1B8B-4416-B10B-19EEE5FBF92B}.Release|Any CPU.ActiveCfg = Release|Any CPU
		{3A3BEAD5-1B8B-4416-B10B-19EEE5FBF92B}.Release|Any CPU.Build.0 = Release|Any CPU
		{A76828A0-71BF-4858-A8CB-C803135E7963}.Debug|Any CPU.ActiveCfg = Debug|Any CPU
		{A76828A0-71BF-4858-A8CB-C803135E7963}.Debug|Any CPU.Build.0 = Debug|Any CPU
		{A76828A0-71BF-4858-A8CB-C803135E7963}.Release|Any CPU.ActiveCfg = Release|Any CPU
		{A76828A0-71BF-4858-A8CB-C803135E7963}.Release|Any CPU.Build.0 = Release|Any CPU
		{BDAB62F5-2AF4-4EAE-B234-6CAA0FDEF654}.Debug|Any CPU.ActiveCfg = Debug|Any CPU
		{BDAB62F5-2AF4-4EAE-B234-6CAA0FDEF654}.Debug|Any CPU.Build.0 = Debug|Any CPU
		{BDAB62F5-2AF4-4EAE-B234-6CAA0FDEF654}.Release|Any CPU.ActiveCfg = Release|Any CPU
		{BDAB62F5-2AF4-4EAE-B234-6CAA0FDEF654}.Release|Any CPU.Build.0 = Release|Any CPU
	EndGlobalSection
	GlobalSection(SolutionProperties) = preSolution
		HideSolutionNode = FALSE
	EndGlobalSection
	GlobalSection(NestedProjects) = preSolution
		{BDA8673C-0A18-4A04-BB7E-23C42CE72B59} = {2B3013CF-128F-4CC9-8AD5-7E9A5F62981A}
		{3AF5461B-792F-45EE-8EE0-D8A2A8F35997} = {BDA8673C-0A18-4A04-BB7E-23C42CE72B59}
		{EAA1278B-E517-47EC-BF79-BE524E12BD55} = {BDA8673C-0A18-4A04-BB7E-23C42CE72B59}
		{225329A8-7C4A-4E59-B4DB-71776119C7A5} = {BDA8673C-0A18-4A04-BB7E-23C42CE72B59}
		{E3A9A494-E945-4DF8-83DB-379197BADED8} = {225329A8-7C4A-4E59-B4DB-71776119C7A5}
		{601BD1F8-B712-448B-BB20-5189693C7BB8} = {BDA8673C-0A18-4A04-BB7E-23C42CE72B59}
		{FF956AA7-581B-479B-84A9-7DDCD321FCEC} = {BDA8673C-0A18-4A04-BB7E-23C42CE72B59}
		{1CCC75CD-463B-4BA5-AEAF-349E5E39DFFA} = {FF956AA7-581B-479B-84A9-7DDCD321FCEC}
		{0BCA365D-B509-4FF2-BEE4-78DA69D0956A} = {2B3013CF-128F-4CC9-8AD5-7E9A5F62981A}
		{3944139A-7205-415B-BCEB-E3E43681D640} = {0BCA365D-B509-4FF2-BEE4-78DA69D0956A}
		{2514A35A-868F-4415-BA33-323AB61A778D} = {E00A3543-9AC7-4342-BC2C-FC349A8DEE39}
		{62962160-49E4-45FC-90BB-025F4BB0D583} = {E00A3543-9AC7-4342-BC2C-FC349A8DEE39}
		{8E3C67AD-9E93-4EE8-B7DB-078348D7EDA4} = {2B3013CF-128F-4CC9-8AD5-7E9A5F62981A}
		{70CDF556-FB79-49A0-BB53-5623BAFE91BA} = {8E3C67AD-9E93-4EE8-B7DB-078348D7EDA4}
		{8D3CE8C3-6C1D-4ED7-AA76-D32952C8598D} = {8E3C67AD-9E93-4EE8-B7DB-078348D7EDA4}
		{99F19DF0-D014-4AFE-AC3F-4A087DDAAB81} = {8E3C67AD-9E93-4EE8-B7DB-078348D7EDA4}
		{F7183308-6CDB-4158-BF1B-ADA1136E5B51} = {99F19DF0-D014-4AFE-AC3F-4A087DDAAB81}
		{2A9E53DE-44BD-47A1-B952-8BEF85D290E1} = {8E3C67AD-9E93-4EE8-B7DB-078348D7EDA4}
		{E1C21325-7EAB-4D00-85D5-8826364E9678} = {6AF6DB93-53AA-44ED-9A48-ACBFD78394CA}
		{9464C0CA-C31F-4FEF-A484-4BE8C9B11870} = {E7D698D1-1A0D-4C9C-BD39-FC6E8AFDD0FC}
		{8CD4B0E5-A658-433D-BD72-FDA7D8322076} = {3944139A-7205-415B-BCEB-E3E43681D640}
		{61290928-86BF-4128-AF82-2E960CF76CDD} = {0BCA365D-B509-4FF2-BEE4-78DA69D0956A}
		{8A3E9BD9-1840-48E3-9468-DF89FBEB7683} = {0BCA365D-B509-4FF2-BEE4-78DA69D0956A}
		{EAB5BF00-37BC-4E81-8DF7-30DC328460EB} = {0BCA365D-B509-4FF2-BEE4-78DA69D0956A}
		{28DF96E7-A920-4F3E-96DF-F0C1CAEE93AC} = {2F368B2E-E5C7-4C6D-AC82-AA72EF2FEB96}
		{3A3BEAD5-1B8B-4416-B10B-19EEE5FBF92B} = {2F368B2E-E5C7-4C6D-AC82-AA72EF2FEB96}
		{A76828A0-71BF-4858-A8CB-C803135E7963} = {2F368B2E-E5C7-4C6D-AC82-AA72EF2FEB96}
	EndGlobalSection
	GlobalSection(ExtensibilityGlobals) = postSolution
		SolutionGuid = {E5F12852-0C37-489B-8CB9-48ADED5F8F8C}
	EndGlobalSection
EndGlobal
