
Microsoft Visual Studio Solution File, Format Version 12.00
# Visual Studio Version 16
VisualStudioVersion = 16.0.31402.337
MinimumVisualStudioVersion = 10.0.40219.1
Project("{2150E333-8FDC-42A3-9474-1A3956D46DE8}") = "Services", "Services", "{2B3013CF-128F-4CC9-8AD5-7E9A5F62981A}"
EndProject
Project("{2150E333-8FDC-42A3-9474-1A3956D46DE8}") = "Account", "Account", "{BDA8673C-0A18-4A04-BB7E-23C42CE72B59}"
EndProject
Project("{FAE04EC0-301F-11D3-BF4B-00C04F79EFBC}") = "Account.Domain", "services\Account\Account.Domain\Account.Domain.csproj", "{3AF5461B-792F-45EE-8EE0-D8A2A8F35997}"
EndProject
Project("{FAE04EC0-301F-11D3-BF4B-00C04F79EFBC}") = "Account.Domain.Logic", "services\Account\Account.Domain.Logic\Account.Domain.Logic.csproj", "{EAA1278B-E517-47EC-BF79-BE524E12BD55}"
EndProject
Project("{FAE04EC0-301F-11D3-BF4B-00C04F79EFBC}") = "Account.Helpers", "services\Account\Account.Helpers\Account.Helpers.csproj", "{ECE1E8A7-875D-4BC1-8C4D-24CEAE3B5F72}"
EndProject
Global
	GlobalSection(SolutionConfigurationPlatforms) = preSolution
		Debug|Any CPU = Debug|Any CPU
		Release|Any CPU = Release|Any CPU
	EndGlobalSection
	GlobalSection(ProjectConfigurationPlatforms) = postSolution
		{3AF5461B-792F-45EE-8EE0-D8A2A8F35997}.Debug|Any CPU.ActiveCfg = Debug|Any CPU
		{3AF5461B-792F-45EE-8EE0-D8A2A8F35997}.Debug|Any CPU.Build.0 = Debug|Any CPU
		{3AF5461B-792F-45EE-8EE0-D8A2A8F35997}.Release|Any CPU.ActiveCfg = Release|Any CPU
		{3AF5461B-792F-45EE-8EE0-D8A2A8F35997}.Release|Any CPU.Build.0 = Release|Any CPU
		{EAA1278B-E517-47EC-BF79-BE524E12BD55}.Debug|Any CPU.ActiveCfg = Debug|Any CPU
		{EAA1278B-E517-47EC-BF79-BE524E12BD55}.Debug|Any CPU.Build.0 = Debug|Any CPU
		{EAA1278B-E517-47EC-BF79-BE524E12BD55}.Release|Any CPU.ActiveCfg = Release|Any CPU
		{EAA1278B-E517-47EC-BF79-BE524E12BD55}.Release|Any CPU.Build.0 = Release|Any CPU
		{ECE1E8A7-875D-4BC1-8C4D-24CEAE3B5F72}.Debug|Any CPU.ActiveCfg = Debug|Any CPU
		{ECE1E8A7-875D-4BC1-8C4D-24CEAE3B5F72}.Debug|Any CPU.Build.0 = Debug|Any CPU
		{ECE1E8A7-875D-4BC1-8C4D-24CEAE3B5F72}.Release|Any CPU.ActiveCfg = Release|Any CPU
		{ECE1E8A7-875D-4BC1-8C4D-24CEAE3B5F72}.Release|Any CPU.Build.0 = Release|Any CPU
	EndGlobalSection
	GlobalSection(SolutionProperties) = preSolution
		HideSolutionNode = FALSE
	EndGlobalSection
	GlobalSection(NestedProjects) = preSolution
		{BDA8673C-0A18-4A04-BB7E-23C42CE72B59} = {2B3013CF-128F-4CC9-8AD5-7E9A5F62981A}
		{3AF5461B-792F-45EE-8EE0-D8A2A8F35997} = {BDA8673C-0A18-4A04-BB7E-23C42CE72B59}
		{EAA1278B-E517-47EC-BF79-BE524E12BD55} = {BDA8673C-0A18-4A04-BB7E-23C42CE72B59}
		{ECE1E8A7-875D-4BC1-8C4D-24CEAE3B5F72} = {BDA8673C-0A18-4A04-BB7E-23C42CE72B59}
	EndGlobalSection
	GlobalSection(ExtensibilityGlobals) = postSolution
		SolutionGuid = {E5F12852-0C37-489B-8CB9-48ADED5F8F8C}
	EndGlobalSection
EndGlobal
