
Microsoft Visual Studio Solution File, Format Version 12.00
# Visual Studio Version 16
VisualStudioVersion = 16.0.31402.337
MinimumVisualStudioVersion = 10.0.40219.1
Project("{2150E333-8FDC-42A3-9474-1A3956D46DE8}") = "Services", "Services", "{2B3013CF-128F-4CC9-8AD5-7E9A5F62981A}"
EndProject
Project("{2150E333-8FDC-42A3-9474-1A3956D46DE8}") = "Account", "Account", "{BDA8673C-0A18-4A04-BB7E-23C42CE72B59}"
EndProject
Project("{9A19103F-16F7-4668-BE54-9A1E7A4F7556}") = "Account.Domain", "services\Account\Account.Domain\Account.Domain.csproj", "{3AF5461B-792F-45EE-8EE0-D8A2A8F35997}"
EndProject
Project("{9A19103F-16F7-4668-BE54-9A1E7A4F7556}") = "Account.Domain.Logic", "services\Account\Account.Domain.Logic\Account.Domain.Logic.csproj", "{EAA1278B-E517-47EC-BF79-BE524E12BD55}"
EndProject
Project("{2150E333-8FDC-42A3-9474-1A3956D46DE8}") = "Account.DAL", "Account.DAL", "{225329A8-7C4A-4E59-B4DB-71776119C7A5}"
EndProject
Project("{9A19103F-16F7-4668-BE54-9A1E7A4F7556}") = "Account.DAL.EF", "services\Account\Account.DAL\Account.DAL.EF\Account.DAL.EF.csproj", "{E3A9A494-E945-4DF8-83DB-379197BADED8}"
EndProject
Project("{9A19103F-16F7-4668-BE54-9A1E7A4F7556}") = "Account.API", "services\Account\Account.API\Account.API.csproj", "{601BD1F8-B712-448B-BB20-5189693C7BB8}"
EndProject
Project("{2150E333-8FDC-42A3-9474-1A3956D46DE8}") = "Profile", "Profile", "{529DF898-3802-47DE-80A2-26374EE82E27}"
EndProject
Project("{9A19103F-16F7-4668-BE54-9A1E7A4F7556}") = "Profile.Domain", "services\Profile\Profile.Domain\Profile.Domain.csproj", "{631232D1-3DBC-48BA-B370-B52AC97C003E}"
EndProject
Project("{9A19103F-16F7-4668-BE54-9A1E7A4F7556}") = "Profile.Domain.Logic", "services\Profile\Profile.Domain.Logic\Profile.Domain.Logic.csproj", "{1C1C1420-9C92-4175-9472-6118E3C04D13}"
EndProject
Project("{2150E333-8FDC-42A3-9474-1A3956D46DE8}") = "Profile.DAL", "Profile.DAL", "{BB8EDB64-D85F-4C9E-BEF0-0616E6114740}"
EndProject
Project("{9A19103F-16F7-4668-BE54-9A1E7A4F7556}") = "Profile.DAL.EF", "services\Profile\Profile.DAL\Profile.DAL.EF\Profile.DAL.EF.csproj", "{DCB2661A-4618-4FFC-BE84-8C2043C2EEB3}"
EndProject
Project("{9A19103F-16F7-4668-BE54-9A1E7A4F7556}") = "Profile.API", "services\Profile\Profile.API\Profile.API.csproj", "{B1135900-0D1C-4321-AB78-FD84D2012E26}"
EndProject
Project("{2150E333-8FDC-42A3-9474-1A3956D46DE8}") = "Account.Utilities", "Account.Utilities", "{FF956AA7-581B-479B-84A9-7DDCD321FCEC}"
EndProject
Project("{9A19103F-16F7-4668-BE54-9A1E7A4F7556}") = "Account.PasswordHandling", "services\Account\Account.Utilities\Account.PasswordHandling\Account.PasswordHandling.csproj", "{1CCC75CD-463B-4BA5-AEAF-349E5E39DFFA}"
EndProject
Project("{2150E333-8FDC-42A3-9474-1A3956D46DE8}") = "Post", "Post", "{0BCA365D-B509-4FF2-BEE4-78DA69D0956A}"
EndProject
Project("{9A19103F-16F7-4668-BE54-9A1E7A4F7556}") = "Post.Domain", "services\Post\Post.Domain\Post.Domain.csproj", "{E3772A00-E8E5-41B2-ADA8-BFDE2E130437}"
EndProject
Project("{9A19103F-16F7-4668-BE54-9A1E7A4F7556}") = "Post.Domain.Logic", "services\Post\Post.Domain.Logic\Post.Domain.Logic.csproj", "{10E713C4-AA32-4F0A-B418-5D8D0ECAC340}"
EndProject
Project("{2150E333-8FDC-42A3-9474-1A3956D46DE8}") = "Post.DAL", "Post.DAL", "{3944139A-7205-415B-BCEB-E3E43681D640}"
EndProject
Project("{FAE04EC0-301F-11D3-BF4B-00C04F79EFBC}") = "Post.DAL.EF", "services\Post\Post.DAL\Post.DAL.EF\Post.DAL.EF.csproj", "{4573CC98-F546-4020-A731-060B901A80BA}"
EndProject
Project("{FAE04EC0-301F-11D3-BF4B-00C04F79EFBC}") = "Post.API", "services\Post\Post.API\Post.API.csproj", "{3929D8D8-241B-4722-BE52-5C0459B57470}"
EndProject
Global
	GlobalSection(SolutionConfigurationPlatforms) = preSolution
		Debug|Any CPU = Debug|Any CPU
		Release|Any CPU = Release|Any CPU
	EndGlobalSection
	GlobalSection(ProjectConfigurationPlatforms) = postSolution
		{3AF5461B-792F-45EE-8EE0-D8A2A8F35997}.Debug|Any CPU.ActiveCfg = Debug|Any CPU
		{3AF5461B-792F-45EE-8EE0-D8A2A8F35997}.Debug|Any CPU.Build.0 = Debug|Any CPU
		{3AF5461B-792F-45EE-8EE0-D8A2A8F35997}.Release|Any CPU.ActiveCfg = Release|Any CPU
		{3AF5461B-792F-45EE-8EE0-D8A2A8F35997}.Release|Any CPU.Build.0 = Release|Any CPU
		{EAA1278B-E517-47EC-BF79-BE524E12BD55}.Debug|Any CPU.ActiveCfg = Debug|Any CPU
		{EAA1278B-E517-47EC-BF79-BE524E12BD55}.Debug|Any CPU.Build.0 = Debug|Any CPU
		{EAA1278B-E517-47EC-BF79-BE524E12BD55}.Release|Any CPU.ActiveCfg = Release|Any CPU
		{EAA1278B-E517-47EC-BF79-BE524E12BD55}.Release|Any CPU.Build.0 = Release|Any CPU
		{E3A9A494-E945-4DF8-83DB-379197BADED8}.Debug|Any CPU.ActiveCfg = Debug|Any CPU
		{E3A9A494-E945-4DF8-83DB-379197BADED8}.Debug|Any CPU.Build.0 = Debug|Any CPU
		{E3A9A494-E945-4DF8-83DB-379197BADED8}.Release|Any CPU.ActiveCfg = Release|Any CPU
		{E3A9A494-E945-4DF8-83DB-379197BADED8}.Release|Any CPU.Build.0 = Release|Any CPU
		{601BD1F8-B712-448B-BB20-5189693C7BB8}.Debug|Any CPU.ActiveCfg = Debug|Any CPU
		{601BD1F8-B712-448B-BB20-5189693C7BB8}.Debug|Any CPU.Build.0 = Debug|Any CPU
		{601BD1F8-B712-448B-BB20-5189693C7BB8}.Release|Any CPU.ActiveCfg = Release|Any CPU
		{601BD1F8-B712-448B-BB20-5189693C7BB8}.Release|Any CPU.Build.0 = Release|Any CPU
		{631232D1-3DBC-48BA-B370-B52AC97C003E}.Debug|Any CPU.ActiveCfg = Debug|Any CPU
		{631232D1-3DBC-48BA-B370-B52AC97C003E}.Debug|Any CPU.Build.0 = Debug|Any CPU
		{631232D1-3DBC-48BA-B370-B52AC97C003E}.Release|Any CPU.ActiveCfg = Release|Any CPU
		{631232D1-3DBC-48BA-B370-B52AC97C003E}.Release|Any CPU.Build.0 = Release|Any CPU
		{1C1C1420-9C92-4175-9472-6118E3C04D13}.Debug|Any CPU.ActiveCfg = Debug|Any CPU
		{1C1C1420-9C92-4175-9472-6118E3C04D13}.Debug|Any CPU.Build.0 = Debug|Any CPU
		{1C1C1420-9C92-4175-9472-6118E3C04D13}.Release|Any CPU.ActiveCfg = Release|Any CPU
		{1C1C1420-9C92-4175-9472-6118E3C04D13}.Release|Any CPU.Build.0 = Release|Any CPU
		{DCB2661A-4618-4FFC-BE84-8C2043C2EEB3}.Debug|Any CPU.ActiveCfg = Debug|Any CPU
		{DCB2661A-4618-4FFC-BE84-8C2043C2EEB3}.Debug|Any CPU.Build.0 = Debug|Any CPU
		{DCB2661A-4618-4FFC-BE84-8C2043C2EEB3}.Release|Any CPU.ActiveCfg = Release|Any CPU
		{DCB2661A-4618-4FFC-BE84-8C2043C2EEB3}.Release|Any CPU.Build.0 = Release|Any CPU
		{B1135900-0D1C-4321-AB78-FD84D2012E26}.Debug|Any CPU.ActiveCfg = Debug|Any CPU
		{B1135900-0D1C-4321-AB78-FD84D2012E26}.Debug|Any CPU.Build.0 = Debug|Any CPU
		{B1135900-0D1C-4321-AB78-FD84D2012E26}.Release|Any CPU.ActiveCfg = Release|Any CPU
		{B1135900-0D1C-4321-AB78-FD84D2012E26}.Release|Any CPU.Build.0 = Release|Any CPU
		{1CCC75CD-463B-4BA5-AEAF-349E5E39DFFA}.Debug|Any CPU.ActiveCfg = Debug|Any CPU
		{1CCC75CD-463B-4BA5-AEAF-349E5E39DFFA}.Debug|Any CPU.Build.0 = Debug|Any CPU
		{1CCC75CD-463B-4BA5-AEAF-349E5E39DFFA}.Release|Any CPU.ActiveCfg = Release|Any CPU
		{1CCC75CD-463B-4BA5-AEAF-349E5E39DFFA}.Release|Any CPU.Build.0 = Release|Any CPU
		{E3772A00-E8E5-41B2-ADA8-BFDE2E130437}.Debug|Any CPU.ActiveCfg = Debug|Any CPU
		{E3772A00-E8E5-41B2-ADA8-BFDE2E130437}.Debug|Any CPU.Build.0 = Debug|Any CPU
		{E3772A00-E8E5-41B2-ADA8-BFDE2E130437}.Release|Any CPU.ActiveCfg = Release|Any CPU
		{E3772A00-E8E5-41B2-ADA8-BFDE2E130437}.Release|Any CPU.Build.0 = Release|Any CPU
		{10E713C4-AA32-4F0A-B418-5D8D0ECAC340}.Debug|Any CPU.ActiveCfg = Debug|Any CPU
		{10E713C4-AA32-4F0A-B418-5D8D0ECAC340}.Debug|Any CPU.Build.0 = Debug|Any CPU
		{10E713C4-AA32-4F0A-B418-5D8D0ECAC340}.Release|Any CPU.ActiveCfg = Release|Any CPU
		{10E713C4-AA32-4F0A-B418-5D8D0ECAC340}.Release|Any CPU.Build.0 = Release|Any CPU
		{4573CC98-F546-4020-A731-060B901A80BA}.Debug|Any CPU.ActiveCfg = Debug|Any CPU
		{4573CC98-F546-4020-A731-060B901A80BA}.Debug|Any CPU.Build.0 = Debug|Any CPU
		{4573CC98-F546-4020-A731-060B901A80BA}.Release|Any CPU.ActiveCfg = Release|Any CPU
		{4573CC98-F546-4020-A731-060B901A80BA}.Release|Any CPU.Build.0 = Release|Any CPU
		{3929D8D8-241B-4722-BE52-5C0459B57470}.Debug|Any CPU.ActiveCfg = Debug|Any CPU
		{3929D8D8-241B-4722-BE52-5C0459B57470}.Debug|Any CPU.Build.0 = Debug|Any CPU
		{3929D8D8-241B-4722-BE52-5C0459B57470}.Release|Any CPU.ActiveCfg = Release|Any CPU
		{3929D8D8-241B-4722-BE52-5C0459B57470}.Release|Any CPU.Build.0 = Release|Any CPU
	EndGlobalSection
	GlobalSection(SolutionProperties) = preSolution
		HideSolutionNode = FALSE
	EndGlobalSection
	GlobalSection(NestedProjects) = preSolution
		{BDA8673C-0A18-4A04-BB7E-23C42CE72B59} = {2B3013CF-128F-4CC9-8AD5-7E9A5F62981A}
		{3AF5461B-792F-45EE-8EE0-D8A2A8F35997} = {BDA8673C-0A18-4A04-BB7E-23C42CE72B59}
		{EAA1278B-E517-47EC-BF79-BE524E12BD55} = {BDA8673C-0A18-4A04-BB7E-23C42CE72B59}
		{225329A8-7C4A-4E59-B4DB-71776119C7A5} = {BDA8673C-0A18-4A04-BB7E-23C42CE72B59}
		{E3A9A494-E945-4DF8-83DB-379197BADED8} = {225329A8-7C4A-4E59-B4DB-71776119C7A5}
		{601BD1F8-B712-448B-BB20-5189693C7BB8} = {BDA8673C-0A18-4A04-BB7E-23C42CE72B59}
		{529DF898-3802-47DE-80A2-26374EE82E27} = {2B3013CF-128F-4CC9-8AD5-7E9A5F62981A}
		{631232D1-3DBC-48BA-B370-B52AC97C003E} = {529DF898-3802-47DE-80A2-26374EE82E27}
		{1C1C1420-9C92-4175-9472-6118E3C04D13} = {529DF898-3802-47DE-80A2-26374EE82E27}
		{BB8EDB64-D85F-4C9E-BEF0-0616E6114740} = {529DF898-3802-47DE-80A2-26374EE82E27}
		{DCB2661A-4618-4FFC-BE84-8C2043C2EEB3} = {BB8EDB64-D85F-4C9E-BEF0-0616E6114740}
		{B1135900-0D1C-4321-AB78-FD84D2012E26} = {529DF898-3802-47DE-80A2-26374EE82E27}
		{FF956AA7-581B-479B-84A9-7DDCD321FCEC} = {BDA8673C-0A18-4A04-BB7E-23C42CE72B59}
		{1CCC75CD-463B-4BA5-AEAF-349E5E39DFFA} = {FF956AA7-581B-479B-84A9-7DDCD321FCEC}
		{0BCA365D-B509-4FF2-BEE4-78DA69D0956A} = {2B3013CF-128F-4CC9-8AD5-7E9A5F62981A}
		{E3772A00-E8E5-41B2-ADA8-BFDE2E130437} = {0BCA365D-B509-4FF2-BEE4-78DA69D0956A}
		{10E713C4-AA32-4F0A-B418-5D8D0ECAC340} = {0BCA365D-B509-4FF2-BEE4-78DA69D0956A}
		{3944139A-7205-415B-BCEB-E3E43681D640} = {0BCA365D-B509-4FF2-BEE4-78DA69D0956A}
		{4573CC98-F546-4020-A731-060B901A80BA} = {3944139A-7205-415B-BCEB-E3E43681D640}
		{3929D8D8-241B-4722-BE52-5C0459B57470} = {0BCA365D-B509-4FF2-BEE4-78DA69D0956A}
	EndGlobalSection
	GlobalSection(ExtensibilityGlobals) = postSolution
		SolutionGuid = {E5F12852-0C37-489B-8CB9-48ADED5F8F8C}
	EndGlobalSection
EndGlobal
